// !$*UTF8*$!
{
	archiveVersion = 1;
	classes = {
	};
	objectVersion = 56;
	objects = {

/* Begin PBXBuildFile section */
		BF00BB37294065390053F14E /* Input7.txt in Resources */ = {isa = PBXBuildFile; fileRef = BF00BB35294065390053F14E /* Input7.txt */; };
		BF00BB39294065390053F14E /* Solve7.swift in Sources */ = {isa = PBXBuildFile; fileRef = BF00BB36294065390053F14E /* Solve7.swift */; };
		BF00BB3C2940659E0053F14E /* Example7.txt in Resources */ = {isa = PBXBuildFile; fileRef = BF00BB3B2940659E0053F14E /* Example7.txt */; };
		BF00BB3D2940659E0053F14E /* Example7.txt in Resources */ = {isa = PBXBuildFile; fileRef = BF00BB3B2940659E0053F14E /* Example7.txt */; };
		BF18163F2939BEF70063C0EE /* Solve2.swift in Sources */ = {isa = PBXBuildFile; fileRef = BF18163C2939BEF70063C0EE /* Solve2.swift */; };
		BF1816402939BEF70063C0EE /* Input2.txt in Resources */ = {isa = PBXBuildFile; fileRef = BF18163D2939BEF70063C0EE /* Input2.txt */; };
		BF1816412939BEF70063C0EE /* Example2.txt in Resources */ = {isa = PBXBuildFile; fileRef = BF18163E2939BEF70063C0EE /* Example2.txt */; };
		BF36F7B8293DBF7000D609FC /* Example5.txt in Resources */ = {isa = PBXBuildFile; fileRef = BF36F7B5293DBF7000D609FC /* Example5.txt */; };
		BF36F7B9293DBF7000D609FC /* Input5.txt in Resources */ = {isa = PBXBuildFile; fileRef = BF36F7B6293DBF7000D609FC /* Input5.txt */; };
		BF36F7BA293DBF7000D609FC /* Solve5.swift in Sources */ = {isa = PBXBuildFile; fileRef = BF36F7B7293DBF7000D609FC /* Solve5.swift */; };
		BF5F5DF8293D30470028A375 /* Example4.txt in Resources */ = {isa = PBXBuildFile; fileRef = BF5F5DF5293D30470028A375 /* Example4.txt */; };
		BF5F5DF9293D30470028A375 /* Solve4.swift in Sources */ = {isa = PBXBuildFile; fileRef = BF5F5DF6293D30470028A375 /* Solve4.swift */; };
		BF5F5DFA293D30470028A375 /* Input4.txt in Resources */ = {isa = PBXBuildFile; fileRef = BF5F5DF7293D30470028A375 /* Input4.txt */; };
		BF961CCF293F061800E26BA7 /* Input6.txt in Resources */ = {isa = PBXBuildFile; fileRef = BF961CCC293F061800E26BA7 /* Input6.txt */; };
		BF961CD0293F061800E26BA7 /* Solve6.swift in Sources */ = {isa = PBXBuildFile; fileRef = BF961CCD293F061800E26BA7 /* Solve6.swift */; };
		BF96297A2941C9AE00ACA041 /* Input8.txt in Resources */ = {isa = PBXBuildFile; fileRef = BF9629772941C9AE00ACA041 /* Input8.txt */; };
		BF96297B2941C9AE00ACA041 /* Solve8.swift in Sources */ = {isa = PBXBuildFile; fileRef = BF9629782941C9AE00ACA041 /* Solve8.swift */; };
		BF96297C2941C9AE00ACA041 /* Example8.txt in Resources */ = {isa = PBXBuildFile; fileRef = BF9629792941C9AE00ACA041 /* Example8.txt */; };
		BFA91A9129452CA20027532D /* Example10.txt in Resources */ = {isa = PBXBuildFile; fileRef = BFA91A8E29452CA20027532D /* Example10.txt */; };
		BFA91A9229452CA20027532D /* Solve10.swift in Sources */ = {isa = PBXBuildFile; fileRef = BFA91A8F29452CA20027532D /* Solve10.swift */; };
		BFA91A9329452CA20027532D /* Input10.txt in Resources */ = {isa = PBXBuildFile; fileRef = BFA91A9029452CA20027532D /* Input10.txt */; };
		BFB0FA76293B1301002B2358 /* Input3.txt in Resources */ = {isa = PBXBuildFile; fileRef = BFB0FA73293B1301002B2358 /* Input3.txt */; };
		BFB0FA77293B1301002B2358 /* Example3.txt in Resources */ = {isa = PBXBuildFile; fileRef = BFB0FA74293B1301002B2358 /* Example3.txt */; };
		BFB0FA78293B1301002B2358 /* Solve3.swift in Sources */ = {isa = PBXBuildFile; fileRef = BFB0FA75293B1301002B2358 /* Solve3.swift */; };
		BFD56A162942FDE30051B002 /* Solve9.swift in Sources */ = {isa = PBXBuildFile; fileRef = BFD56A132942FDE30051B002 /* Solve9.swift */; };
		BFD56A172942FDE30051B002 /* Input9.txt in Resources */ = {isa = PBXBuildFile; fileRef = BFD56A142942FDE30051B002 /* Input9.txt */; };
		BFD56A182942FDE30051B002 /* Example9.txt in Resources */ = {isa = PBXBuildFile; fileRef = BFD56A152942FDE30051B002 /* Example9.txt */; };
		BFD56A1A29430D710051B002 /* Example9b.txt in Resources */ = {isa = PBXBuildFile; fileRef = BFD56A1929430D710051B002 /* Example9b.txt */; };
		BFF703AB293859540008618B /* AOC2022App.swift in Sources */ = {isa = PBXBuildFile; fileRef = BFF703AA293859540008618B /* AOC2022App.swift */; };
		BFF703AF293859540008618B /* Assets.xcassets in Resources */ = {isa = PBXBuildFile; fileRef = BFF703AE293859540008618B /* Assets.xcassets */; };
		BFF703B2293859540008618B /* Preview Assets.xcassets in Resources */ = {isa = PBXBuildFile; fileRef = BFF703B1293859540008618B /* Preview Assets.xcassets */; };
		BFF703BC293859540008618B /* AOC2022Tests.swift in Sources */ = {isa = PBXBuildFile; fileRef = BFF703BB293859540008618B /* AOC2022Tests.swift */; };
		BFF703D6293859B80008618B /* Algorithms in Frameworks */ = {isa = PBXBuildFile; productRef = BFF703D5293859B80008618B /* Algorithms */; };
		BFF703D929385A3B0008618B /* AOCLib in Frameworks */ = {isa = PBXBuildFile; productRef = BFF703D829385A3B0008618B /* AOCLib */; };
		BFF703DB29385A670008618B /* Puzzles2022.swift in Sources */ = {isa = PBXBuildFile; fileRef = BFF703DA29385A670008618B /* Puzzles2022.swift */; };
		BFF703E329385B1C0008618B /* Input1.txt in Resources */ = {isa = PBXBuildFile; fileRef = BFF703E029385B1C0008618B /* Input1.txt */; };
		BFF703E429385B1C0008618B /* Input1.txt in Resources */ = {isa = PBXBuildFile; fileRef = BFF703E029385B1C0008618B /* Input1.txt */; };
		BFF703E529385B1C0008618B /* Example1.txt in Resources */ = {isa = PBXBuildFile; fileRef = BFF703E129385B1C0008618B /* Example1.txt */; };
		BFF703E629385B1C0008618B /* Example1.txt in Resources */ = {isa = PBXBuildFile; fileRef = BFF703E129385B1C0008618B /* Example1.txt */; };
		BFF703E729385B1C0008618B /* Solve1.swift in Sources */ = {isa = PBXBuildFile; fileRef = BFF703E229385B1C0008618B /* Solve1.swift */; };
		BFF703E829385B1C0008618B /* Solve1.swift in Sources */ = {isa = PBXBuildFile; fileRef = BFF703E229385B1C0008618B /* Solve1.swift */; };
/* End PBXBuildFile section */

/* Begin PBXContainerItemProxy section */
		BFF703B8293859540008618B /* PBXContainerItemProxy */ = {
			isa = PBXContainerItemProxy;
			containerPortal = BFF7039F293859540008618B /* Project object */;
			proxyType = 1;
			remoteGlobalIDString = BFF703A6293859540008618B;
			remoteInfo = AOC2022;
		};
/* End PBXContainerItemProxy section */

/* Begin PBXFileReference section */
		BF00BB35294065390053F14E /* Input7.txt */ = {isa = PBXFileReference; fileEncoding = 4; lastKnownFileType = text; path = Input7.txt; sourceTree = "<group>"; };
		BF00BB36294065390053F14E /* Solve7.swift */ = {isa = PBXFileReference; fileEncoding = 4; lastKnownFileType = sourcecode.swift; path = Solve7.swift; sourceTree = "<group>"; };
		BF00BB3B2940659E0053F14E /* Example7.txt */ = {isa = PBXFileReference; fileEncoding = 4; lastKnownFileType = text; path = Example7.txt; sourceTree = "<group>"; };
		BF18163C2939BEF70063C0EE /* Solve2.swift */ = {isa = PBXFileReference; fileEncoding = 4; lastKnownFileType = sourcecode.swift; path = Solve2.swift; sourceTree = "<group>"; };
		BF18163D2939BEF70063C0EE /* Input2.txt */ = {isa = PBXFileReference; fileEncoding = 4; lastKnownFileType = text; path = Input2.txt; sourceTree = "<group>"; };
		BF18163E2939BEF70063C0EE /* Example2.txt */ = {isa = PBXFileReference; fileEncoding = 4; lastKnownFileType = text; path = Example2.txt; sourceTree = "<group>"; };
		BF36F7B5293DBF7000D609FC /* Example5.txt */ = {isa = PBXFileReference; fileEncoding = 4; lastKnownFileType = text; path = Example5.txt; sourceTree = "<group>"; };
		BF36F7B6293DBF7000D609FC /* Input5.txt */ = {isa = PBXFileReference; fileEncoding = 4; lastKnownFileType = text; path = Input5.txt; sourceTree = "<group>"; };
		BF36F7B7293DBF7000D609FC /* Solve5.swift */ = {isa = PBXFileReference; fileEncoding = 4; lastKnownFileType = sourcecode.swift; path = Solve5.swift; sourceTree = "<group>"; };
		BF5F5DF5293D30470028A375 /* Example4.txt */ = {isa = PBXFileReference; fileEncoding = 4; lastKnownFileType = text; path = Example4.txt; sourceTree = "<group>"; };
		BF5F5DF6293D30470028A375 /* Solve4.swift */ = {isa = PBXFileReference; fileEncoding = 4; lastKnownFileType = sourcecode.swift; path = Solve4.swift; sourceTree = "<group>"; };
		BF5F5DF7293D30470028A375 /* Input4.txt */ = {isa = PBXFileReference; fileEncoding = 4; lastKnownFileType = text; path = Input4.txt; sourceTree = "<group>"; };
		BF961CCC293F061800E26BA7 /* Input6.txt */ = {isa = PBXFileReference; fileEncoding = 4; lastKnownFileType = text; path = Input6.txt; sourceTree = "<group>"; };
		BF961CCD293F061800E26BA7 /* Solve6.swift */ = {isa = PBXFileReference; fileEncoding = 4; lastKnownFileType = sourcecode.swift; path = Solve6.swift; sourceTree = "<group>"; };
		BF9629772941C9AE00ACA041 /* Input8.txt */ = {isa = PBXFileReference; fileEncoding = 4; lastKnownFileType = text; path = Input8.txt; sourceTree = "<group>"; };
		BF9629782941C9AE00ACA041 /* Solve8.swift */ = {isa = PBXFileReference; fileEncoding = 4; lastKnownFileType = sourcecode.swift; path = Solve8.swift; sourceTree = "<group>"; };
		BF9629792941C9AE00ACA041 /* Example8.txt */ = {isa = PBXFileReference; fileEncoding = 4; lastKnownFileType = text; path = Example8.txt; sourceTree = "<group>"; };
		BFA91A8E29452CA20027532D /* Example10.txt */ = {isa = PBXFileReference; fileEncoding = 4; lastKnownFileType = text; path = Example10.txt; sourceTree = "<group>"; };
		BFA91A8F29452CA20027532D /* Solve10.swift */ = {isa = PBXFileReference; fileEncoding = 4; lastKnownFileType = sourcecode.swift; path = Solve10.swift; sourceTree = "<group>"; };
		BFA91A9029452CA20027532D /* Input10.txt */ = {isa = PBXFileReference; fileEncoding = 4; lastKnownFileType = text; path = Input10.txt; sourceTree = "<group>"; };
		BFB0FA73293B1301002B2358 /* Input3.txt */ = {isa = PBXFileReference; fileEncoding = 4; lastKnownFileType = text; path = Input3.txt; sourceTree = "<group>"; };
		BFB0FA74293B1301002B2358 /* Example3.txt */ = {isa = PBXFileReference; fileEncoding = 4; lastKnownFileType = text; path = Example3.txt; sourceTree = "<group>"; };
		BFB0FA75293B1301002B2358 /* Solve3.swift */ = {isa = PBXFileReference; fileEncoding = 4; lastKnownFileType = sourcecode.swift; path = Solve3.swift; sourceTree = "<group>"; };
		BFD56A132942FDE30051B002 /* Solve9.swift */ = {isa = PBXFileReference; fileEncoding = 4; lastKnownFileType = sourcecode.swift; path = Solve9.swift; sourceTree = "<group>"; };
		BFD56A142942FDE30051B002 /* Input9.txt */ = {isa = PBXFileReference; fileEncoding = 4; lastKnownFileType = text; path = Input9.txt; sourceTree = "<group>"; };
		BFD56A152942FDE30051B002 /* Example9.txt */ = {isa = PBXFileReference; fileEncoding = 4; lastKnownFileType = text; path = Example9.txt; sourceTree = "<group>"; };
		BFD56A1929430D710051B002 /* Example9b.txt */ = {isa = PBXFileReference; fileEncoding = 4; lastKnownFileType = text; path = Example9b.txt; sourceTree = "<group>"; };
		BFF703A7293859540008618B /* AOC2022.app */ = {isa = PBXFileReference; explicitFileType = wrapper.application; includeInIndex = 0; path = AOC2022.app; sourceTree = BUILT_PRODUCTS_DIR; };
		BFF703AA293859540008618B /* AOC2022App.swift */ = {isa = PBXFileReference; lastKnownFileType = sourcecode.swift; path = AOC2022App.swift; sourceTree = "<group>"; };
		BFF703AE293859540008618B /* Assets.xcassets */ = {isa = PBXFileReference; lastKnownFileType = folder.assetcatalog; path = Assets.xcassets; sourceTree = "<group>"; };
		BFF703B1293859540008618B /* Preview Assets.xcassets */ = {isa = PBXFileReference; lastKnownFileType = folder.assetcatalog; path = "Preview Assets.xcassets"; sourceTree = "<group>"; };
		BFF703B7293859540008618B /* AOC2022Tests.xctest */ = {isa = PBXFileReference; explicitFileType = wrapper.cfbundle; includeInIndex = 0; path = AOC2022Tests.xctest; sourceTree = BUILT_PRODUCTS_DIR; };
		BFF703BB293859540008618B /* AOC2022Tests.swift */ = {isa = PBXFileReference; lastKnownFileType = sourcecode.swift; path = AOC2022Tests.swift; sourceTree = "<group>"; };
		BFF703DA29385A670008618B /* Puzzles2022.swift */ = {isa = PBXFileReference; lastKnownFileType = sourcecode.swift; path = Puzzles2022.swift; sourceTree = "<group>"; };
		BFF703E029385B1C0008618B /* Input1.txt */ = {isa = PBXFileReference; fileEncoding = 4; lastKnownFileType = text; path = Input1.txt; sourceTree = "<group>"; };
		BFF703E129385B1C0008618B /* Example1.txt */ = {isa = PBXFileReference; fileEncoding = 4; lastKnownFileType = text; path = Example1.txt; sourceTree = "<group>"; };
		BFF703E229385B1C0008618B /* Solve1.swift */ = {isa = PBXFileReference; fileEncoding = 4; lastKnownFileType = sourcecode.swift; path = Solve1.swift; sourceTree = "<group>"; };
/* End PBXFileReference section */

/* Begin PBXFrameworksBuildPhase section */
		BFF703A4293859540008618B /* Frameworks */ = {
			isa = PBXFrameworksBuildPhase;
			buildActionMask = 2147483647;
			files = (
				BFF703D929385A3B0008618B /* AOCLib in Frameworks */,
				BFF703D6293859B80008618B /* Algorithms in Frameworks */,
			);
			runOnlyForDeploymentPostprocessing = 0;
		};
		BFF703B4293859540008618B /* Frameworks */ = {
			isa = PBXFrameworksBuildPhase;
			buildActionMask = 2147483647;
			files = (
			);
			runOnlyForDeploymentPostprocessing = 0;
		};
/* End PBXFrameworksBuildPhase section */

/* Begin PBXGroup section */
		BF00BB34294065390053F14E /* 7 */ = {
			isa = PBXGroup;
			children = (
				BF00BB3B2940659E0053F14E /* Example7.txt */,
				BF00BB35294065390053F14E /* Input7.txt */,
				BF00BB36294065390053F14E /* Solve7.swift */,
			);
			path = 7;
			sourceTree = "<group>";
		};
		BF18163B2939BEF70063C0EE /* 2 */ = {
			isa = PBXGroup;
			children = (
				BF18163C2939BEF70063C0EE /* Solve2.swift */,
				BF18163D2939BEF70063C0EE /* Input2.txt */,
				BF18163E2939BEF70063C0EE /* Example2.txt */,
			);
			path = 2;
			sourceTree = "<group>";
		};
		BF36F7B4293DBF7000D609FC /* 5 */ = {
			isa = PBXGroup;
			children = (
				BF36F7B5293DBF7000D609FC /* Example5.txt */,
				BF36F7B6293DBF7000D609FC /* Input5.txt */,
				BF36F7B7293DBF7000D609FC /* Solve5.swift */,
			);
			path = 5;
			sourceTree = "<group>";
		};
		BF5F5DF4293D30470028A375 /* 4 */ = {
			isa = PBXGroup;
			children = (
				BF5F5DF6293D30470028A375 /* Solve4.swift */,
				BF5F5DF5293D30470028A375 /* Example4.txt */,
				BF5F5DF7293D30470028A375 /* Input4.txt */,
			);
			path = 4;
			sourceTree = "<group>";
		};
		BF961CCA293F061800E26BA7 /* 6 */ = {
			isa = PBXGroup;
			children = (
				BF961CCC293F061800E26BA7 /* Input6.txt */,
				BF961CCD293F061800E26BA7 /* Solve6.swift */,
			);
			path = 6;
			sourceTree = "<group>";
		};
		BF9629762941C9AE00ACA041 /* 8 */ = {
			isa = PBXGroup;
			children = (
				BF9629782941C9AE00ACA041 /* Solve8.swift */,
				BF9629772941C9AE00ACA041 /* Input8.txt */,
				BF9629792941C9AE00ACA041 /* Example8.txt */,
			);
			path = 8;
			sourceTree = "<group>";
		};
		BFA91A8D29452CA20027532D /* 10 */ = {
			isa = PBXGroup;
			children = (
				BFA91A8F29452CA20027532D /* Solve10.swift */,
				BFA91A8E29452CA20027532D /* Example10.txt */,
				BFA91A9029452CA20027532D /* Input10.txt */,
			);
			path = 10;
			sourceTree = "<group>";
		};
		BFB0FA72293B1301002B2358 /* 3 */ = {
			isa = PBXGroup;
			children = (
				BFB0FA75293B1301002B2358 /* Solve3.swift */,
				BFB0FA73293B1301002B2358 /* Input3.txt */,
				BFB0FA74293B1301002B2358 /* Example3.txt */,
			);
			path = 3;
			sourceTree = "<group>";
		};
		BFD56A122942FDE30051B002 /* 9 */ = {
			isa = PBXGroup;
			children = (
				BFD56A132942FDE30051B002 /* Solve9.swift */,
				BFD56A142942FDE30051B002 /* Input9.txt */,
				BFD56A152942FDE30051B002 /* Example9.txt */,
				BFD56A1929430D710051B002 /* Example9b.txt */,
			);
			path = 9;
			sourceTree = "<group>";
		};
		BFF7039E293859540008618B = {
			isa = PBXGroup;
			children = (
				BFF703A9293859540008618B /* AOC2022 */,
				BFF703BA293859540008618B /* AOC2022Tests */,
				BFF703A8293859540008618B /* Products */,
			);
			sourceTree = "<group>";
		};
		BFF703A8293859540008618B /* Products */ = {
			isa = PBXGroup;
			children = (
				BFF703A7293859540008618B /* AOC2022.app */,
				BFF703B7293859540008618B /* AOC2022Tests.xctest */,
			);
			name = Products;
			sourceTree = "<group>";
		};
		BFF703A9293859540008618B /* AOC2022 */ = {
			isa = PBXGroup;
			children = (
				BFF703DC29385A8B0008618B /* Puzzles */,
				BFF703AA293859540008618B /* AOC2022App.swift */,
				BFF703DA29385A670008618B /* Puzzles2022.swift */,
				BFF703AE293859540008618B /* Assets.xcassets */,
				BFF703B0293859540008618B /* Preview Content */,
			);
			path = AOC2022;
			sourceTree = "<group>";
		};
		BFF703B0293859540008618B /* Preview Content */ = {
			isa = PBXGroup;
			children = (
				BFF703B1293859540008618B /* Preview Assets.xcassets */,
			);
			path = "Preview Content";
			sourceTree = "<group>";
		};
		BFF703BA293859540008618B /* AOC2022Tests */ = {
			isa = PBXGroup;
			children = (
				BFF703BB293859540008618B /* AOC2022Tests.swift */,
			);
			path = AOC2022Tests;
			sourceTree = "<group>";
		};
		BFF703DC29385A8B0008618B /* Puzzles */ = {
			isa = PBXGroup;
			children = (
				BFF703DF29385B1C0008618B /* 1 */,
				BF18163B2939BEF70063C0EE /* 2 */,
				BFB0FA72293B1301002B2358 /* 3 */,
				BF5F5DF4293D30470028A375 /* 4 */,
				BF36F7B4293DBF7000D609FC /* 5 */,
				BF961CCA293F061800E26BA7 /* 6 */,
				BF00BB34294065390053F14E /* 7 */,
				BF9629762941C9AE00ACA041 /* 8 */,
				BFD56A122942FDE30051B002 /* 9 */,
				BFA91A8D29452CA20027532D /* 10 */,
			);
			path = Puzzles;
			sourceTree = "<group>";
		};
		BFF703DF29385B1C0008618B /* 1 */ = {
			isa = PBXGroup;
			children = (
				BFF703E229385B1C0008618B /* Solve1.swift */,
				BFF703E029385B1C0008618B /* Input1.txt */,
				BFF703E129385B1C0008618B /* Example1.txt */,
			);
			path = 1;
			sourceTree = "<group>";
		};
/* End PBXGroup section */

/* Begin PBXNativeTarget section */
		BFF703A6293859540008618B /* AOC2022 */ = {
			isa = PBXNativeTarget;
			buildConfigurationList = BFF703CB293859540008618B /* Build configuration list for PBXNativeTarget "AOC2022" */;
			buildPhases = (
				BFF703A3293859540008618B /* Sources */,
				BFF703A4293859540008618B /* Frameworks */,
				BFF703A5293859540008618B /* Resources */,
			);
			buildRules = (
			);
			dependencies = (
			);
			name = AOC2022;
			packageProductDependencies = (
				BFF703D5293859B80008618B /* Algorithms */,
				BFF703D829385A3B0008618B /* AOCLib */,
			);
			productName = AOC2022;
			productReference = BFF703A7293859540008618B /* AOC2022.app */;
			productType = "com.apple.product-type.application";
		};
		BFF703B6293859540008618B /* AOC2022Tests */ = {
			isa = PBXNativeTarget;
			buildConfigurationList = BFF703CE293859540008618B /* Build configuration list for PBXNativeTarget "AOC2022Tests" */;
			buildPhases = (
				BFF703B3293859540008618B /* Sources */,
				BFF703B4293859540008618B /* Frameworks */,
				BFF703B5293859540008618B /* Resources */,
			);
			buildRules = (
			);
			dependencies = (
				BFF703B9293859540008618B /* PBXTargetDependency */,
			);
			name = AOC2022Tests;
			productName = AOC2022Tests;
			productReference = BFF703B7293859540008618B /* AOC2022Tests.xctest */;
			productType = "com.apple.product-type.bundle.unit-test";
		};
/* End PBXNativeTarget section */

/* Begin PBXProject section */
		BFF7039F293859540008618B /* Project object */ = {
			isa = PBXProject;
			attributes = {
				BuildIndependentTargetsInParallel = 1;
				LastSwiftUpdateCheck = 1410;
				LastUpgradeCheck = 1410;
				TargetAttributes = {
					BFF703A6293859540008618B = {
						CreatedOnToolsVersion = 14.1;
					};
					BFF703B6293859540008618B = {
						CreatedOnToolsVersion = 14.1;
						TestTargetID = BFF703A6293859540008618B;
					};
				};
			};
			buildConfigurationList = BFF703A2293859540008618B /* Build configuration list for PBXProject "AOC2022" */;
			compatibilityVersion = "Xcode 14.0";
			developmentRegion = en;
			hasScannedForEncodings = 0;
			knownRegions = (
				en,
				Base,
			);
			mainGroup = BFF7039E293859540008618B;
			packageReferences = (
				BFF703D4293859B80008618B /* XCRemoteSwiftPackageReference "swift-algorithms" */,
				BFF703D729385A3B0008618B /* XCRemoteSwiftPackageReference "AOCLib" */,
			);
			productRefGroup = BFF703A8293859540008618B /* Products */;
			projectDirPath = "";
			projectRoot = "";
			targets = (
				BFF703A6293859540008618B /* AOC2022 */,
				BFF703B6293859540008618B /* AOC2022Tests */,
			);
		};
/* End PBXProject section */

/* Begin PBXResourcesBuildPhase section */
		BFF703A5293859540008618B /* Resources */ = {
			isa = PBXResourcesBuildPhase;
			buildActionMask = 2147483647;
			files = (
				BF96297A2941C9AE00ACA041 /* Input8.txt in Resources */,
				BF1816412939BEF70063C0EE /* Example2.txt in Resources */,
				BF00BB37294065390053F14E /* Input7.txt in Resources */,
				BF96297C2941C9AE00ACA041 /* Example8.txt in Resources */,
				BFB0FA77293B1301002B2358 /* Example3.txt in Resources */,
				BF961CCF293F061800E26BA7 /* Input6.txt in Resources */,
				BFD56A1A29430D710051B002 /* Example9b.txt in Resources */,
				BFF703E529385B1C0008618B /* Example1.txt in Resources */,
				BFA91A9329452CA20027532D /* Input10.txt in Resources */,
				BF36F7B8293DBF7000D609FC /* Example5.txt in Resources */,
				BF00BB3C2940659E0053F14E /* Example7.txt in Resources */,
				BFF703E329385B1C0008618B /* Input1.txt in Resources */,
				BFA91A9129452CA20027532D /* Example10.txt in Resources */,
				BFF703B2293859540008618B /* Preview Assets.xcassets in Resources */,
				BF1816402939BEF70063C0EE /* Input2.txt in Resources */,
				BF5F5DF8293D30470028A375 /* Example4.txt in Resources */,
				BFB0FA76293B1301002B2358 /* Input3.txt in Resources */,
				BF36F7B9293DBF7000D609FC /* Input5.txt in Resources */,
				BFD56A182942FDE30051B002 /* Example9.txt in Resources */,
				BF5F5DFA293D30470028A375 /* Input4.txt in Resources */,
				BFF703AF293859540008618B /* Assets.xcassets in Resources */,
				BFD56A172942FDE30051B002 /* Input9.txt in Resources */,
			);
			runOnlyForDeploymentPostprocessing = 0;
		};
		BFF703B5293859540008618B /* Resources */ = {
			isa = PBXResourcesBuildPhase;
			buildActionMask = 2147483647;
			files = (
				BF00BB3D2940659E0053F14E /* Example7.txt in Resources */,
				BFF703E429385B1C0008618B /* Input1.txt in Resources */,
				BFF703E629385B1C0008618B /* Example1.txt in Resources */,
			);
			runOnlyForDeploymentPostprocessing = 0;
		};
/* End PBXResourcesBuildPhase section */

/* Begin PBXSourcesBuildPhase section */
		BFF703A3293859540008618B /* Sources */ = {
			isa = PBXSourcesBuildPhase;
			buildActionMask = 2147483647;
			files = (
				BF96297B2941C9AE00ACA041 /* Solve8.swift in Sources */,
				BFB0FA78293B1301002B2358 /* Solve3.swift in Sources */,
				BF36F7BA293DBF7000D609FC /* Solve5.swift in Sources */,
				BF00BB39294065390053F14E /* Solve7.swift in Sources */,
				BFF703DB29385A670008618B /* Puzzles2022.swift in Sources */,
				BF5F5DF9293D30470028A375 /* Solve4.swift in Sources */,
				BFA91A9229452CA20027532D /* Solve10.swift in Sources */,
				BFF703AB293859540008618B /* AOC2022App.swift in Sources */,
				BF18163F2939BEF70063C0EE /* Solve2.swift in Sources */,
				BF961CD0293F061800E26BA7 /* Solve6.swift in Sources */,
				BFF703E729385B1C0008618B /* Solve1.swift in Sources */,
				BFD56A162942FDE30051B002 /* Solve9.swift in Sources */,
			);
			runOnlyForDeploymentPostprocessing = 0;
		};
		BFF703B3293859540008618B /* Sources */ = {
			isa = PBXSourcesBuildPhase;
			buildActionMask = 2147483647;
			files = (
				BFF703BC293859540008618B /* AOC2022Tests.swift in Sources */,
				BFF703E829385B1C0008618B /* Solve1.swift in Sources */,
			);
			runOnlyForDeploymentPostprocessing = 0;
		};
/* End PBXSourcesBuildPhase section */

/* Begin PBXTargetDependency section */
		BFF703B9293859540008618B /* PBXTargetDependency */ = {
			isa = PBXTargetDependency;
			target = BFF703A6293859540008618B /* AOC2022 */;
			targetProxy = BFF703B8293859540008618B /* PBXContainerItemProxy */;
		};
/* End PBXTargetDependency section */

/* Begin XCBuildConfiguration section */
		BFF703C9293859540008618B /* Debug */ = {
			isa = XCBuildConfiguration;
			buildSettings = {
				ALWAYS_SEARCH_USER_PATHS = NO;
				CLANG_ANALYZER_NONNULL = YES;
				CLANG_ANALYZER_NUMBER_OBJECT_CONVERSION = YES_AGGRESSIVE;
				CLANG_CXX_LANGUAGE_STANDARD = "gnu++20";
				CLANG_ENABLE_MODULES = YES;
				CLANG_ENABLE_OBJC_ARC = YES;
				CLANG_ENABLE_OBJC_WEAK = YES;
				CLANG_WARN_BLOCK_CAPTURE_AUTORELEASING = YES;
				CLANG_WARN_BOOL_CONVERSION = YES;
				CLANG_WARN_COMMA = YES;
				CLANG_WARN_CONSTANT_CONVERSION = YES;
				CLANG_WARN_DEPRECATED_OBJC_IMPLEMENTATIONS = YES;
				CLANG_WARN_DIRECT_OBJC_ISA_USAGE = YES_ERROR;
				CLANG_WARN_DOCUMENTATION_COMMENTS = YES;
				CLANG_WARN_EMPTY_BODY = YES;
				CLANG_WARN_ENUM_CONVERSION = YES;
				CLANG_WARN_INFINITE_RECURSION = YES;
				CLANG_WARN_INT_CONVERSION = YES;
				CLANG_WARN_NON_LITERAL_NULL_CONVERSION = YES;
				CLANG_WARN_OBJC_IMPLICIT_RETAIN_SELF = YES;
				CLANG_WARN_OBJC_LITERAL_CONVERSION = YES;
				CLANG_WARN_OBJC_ROOT_CLASS = YES_ERROR;
				CLANG_WARN_QUOTED_INCLUDE_IN_FRAMEWORK_HEADER = YES;
				CLANG_WARN_RANGE_LOOP_ANALYSIS = YES;
				CLANG_WARN_STRICT_PROTOTYPES = YES;
				CLANG_WARN_SUSPICIOUS_MOVE = YES;
				CLANG_WARN_UNGUARDED_AVAILABILITY = YES_AGGRESSIVE;
				CLANG_WARN_UNREACHABLE_CODE = YES;
				CLANG_WARN__DUPLICATE_METHOD_MATCH = YES;
				COPY_PHASE_STRIP = NO;
				DEBUG_INFORMATION_FORMAT = dwarf;
				ENABLE_STRICT_OBJC_MSGSEND = YES;
				ENABLE_TESTABILITY = YES;
				GCC_C_LANGUAGE_STANDARD = gnu11;
				GCC_DYNAMIC_NO_PIC = NO;
				GCC_NO_COMMON_BLOCKS = YES;
				GCC_OPTIMIZATION_LEVEL = 0;
				GCC_PREPROCESSOR_DEFINITIONS = (
					"DEBUG=1",
					"$(inherited)",
				);
				GCC_WARN_64_TO_32_BIT_CONVERSION = YES;
				GCC_WARN_ABOUT_RETURN_TYPE = YES_ERROR;
				GCC_WARN_UNDECLARED_SELECTOR = YES;
				GCC_WARN_UNINITIALIZED_AUTOS = YES_AGGRESSIVE;
				GCC_WARN_UNUSED_FUNCTION = YES;
				GCC_WARN_UNUSED_VARIABLE = YES;
				IPHONEOS_DEPLOYMENT_TARGET = 16.1;
				MTL_ENABLE_DEBUG_INFO = INCLUDE_SOURCE;
				MTL_FAST_MATH = YES;
				ONLY_ACTIVE_ARCH = YES;
				SDKROOT = iphoneos;
				SWIFT_ACTIVE_COMPILATION_CONDITIONS = DEBUG;
				SWIFT_OPTIMIZATION_LEVEL = "-Onone";
			};
			name = Debug;
		};
		BFF703CA293859540008618B /* Release */ = {
			isa = XCBuildConfiguration;
			buildSettings = {
				ALWAYS_SEARCH_USER_PATHS = NO;
				CLANG_ANALYZER_NONNULL = YES;
				CLANG_ANALYZER_NUMBER_OBJECT_CONVERSION = YES_AGGRESSIVE;
				CLANG_CXX_LANGUAGE_STANDARD = "gnu++20";
				CLANG_ENABLE_MODULES = YES;
				CLANG_ENABLE_OBJC_ARC = YES;
				CLANG_ENABLE_OBJC_WEAK = YES;
				CLANG_WARN_BLOCK_CAPTURE_AUTORELEASING = YES;
				CLANG_WARN_BOOL_CONVERSION = YES;
				CLANG_WARN_COMMA = YES;
				CLANG_WARN_CONSTANT_CONVERSION = YES;
				CLANG_WARN_DEPRECATED_OBJC_IMPLEMENTATIONS = YES;
				CLANG_WARN_DIRECT_OBJC_ISA_USAGE = YES_ERROR;
				CLANG_WARN_DOCUMENTATION_COMMENTS = YES;
				CLANG_WARN_EMPTY_BODY = YES;
				CLANG_WARN_ENUM_CONVERSION = YES;
				CLANG_WARN_INFINITE_RECURSION = YES;
				CLANG_WARN_INT_CONVERSION = YES;
				CLANG_WARN_NON_LITERAL_NULL_CONVERSION = YES;
				CLANG_WARN_OBJC_IMPLICIT_RETAIN_SELF = YES;
				CLANG_WARN_OBJC_LITERAL_CONVERSION = YES;
				CLANG_WARN_OBJC_ROOT_CLASS = YES_ERROR;
				CLANG_WARN_QUOTED_INCLUDE_IN_FRAMEWORK_HEADER = YES;
				CLANG_WARN_RANGE_LOOP_ANALYSIS = YES;
				CLANG_WARN_STRICT_PROTOTYPES = YES;
				CLANG_WARN_SUSPICIOUS_MOVE = YES;
				CLANG_WARN_UNGUARDED_AVAILABILITY = YES_AGGRESSIVE;
				CLANG_WARN_UNREACHABLE_CODE = YES;
				CLANG_WARN__DUPLICATE_METHOD_MATCH = YES;
				COPY_PHASE_STRIP = NO;
				DEBUG_INFORMATION_FORMAT = "dwarf-with-dsym";
				ENABLE_NS_ASSERTIONS = NO;
				ENABLE_STRICT_OBJC_MSGSEND = YES;
				GCC_C_LANGUAGE_STANDARD = gnu11;
				GCC_NO_COMMON_BLOCKS = YES;
				GCC_WARN_64_TO_32_BIT_CONVERSION = YES;
				GCC_WARN_ABOUT_RETURN_TYPE = YES_ERROR;
				GCC_WARN_UNDECLARED_SELECTOR = YES;
				GCC_WARN_UNINITIALIZED_AUTOS = YES_AGGRESSIVE;
				GCC_WARN_UNUSED_FUNCTION = YES;
				GCC_WARN_UNUSED_VARIABLE = YES;
				IPHONEOS_DEPLOYMENT_TARGET = 16.1;
				MTL_ENABLE_DEBUG_INFO = NO;
				MTL_FAST_MATH = YES;
				SDKROOT = iphoneos;
				SWIFT_COMPILATION_MODE = wholemodule;
				SWIFT_OPTIMIZATION_LEVEL = "-O";
				VALIDATE_PRODUCT = YES;
			};
			name = Release;
		};
		BFF703CC293859540008618B /* Debug */ = {
			isa = XCBuildConfiguration;
			buildSettings = {
				ASSETCATALOG_COMPILER_APPICON_NAME = AppIcon;
				ASSETCATALOG_COMPILER_GLOBAL_ACCENT_COLOR_NAME = AccentColor;
				CODE_SIGN_STYLE = Automatic;
				CURRENT_PROJECT_VERSION = 1;
				DEVELOPMENT_ASSET_PATHS = "\"AOC2022/Preview Content\"";
				DEVELOPMENT_TEAM = WE3Z3S3MCF;
				ENABLE_PREVIEWS = YES;
				GENERATE_INFOPLIST_FILE = YES;
				INFOPLIST_KEY_UIApplicationSceneManifest_Generation = YES;
				INFOPLIST_KEY_UIApplicationSupportsIndirectInputEvents = YES;
				INFOPLIST_KEY_UILaunchScreen_Generation = YES;
				INFOPLIST_KEY_UISupportedInterfaceOrientations_iPad = "UIInterfaceOrientationPortrait UIInterfaceOrientationPortraitUpsideDown UIInterfaceOrientationLandscapeLeft UIInterfaceOrientationLandscapeRight";
				INFOPLIST_KEY_UISupportedInterfaceOrientations_iPhone = "UIInterfaceOrientationPortrait UIInterfaceOrientationLandscapeLeft UIInterfaceOrientationLandscapeRight";
				LD_RUNPATH_SEARCH_PATHS = (
					"$(inherited)",
					"@executable_path/Frameworks",
				);
				MARKETING_VERSION = 1.0;
				PRODUCT_BUNDLE_IDENTIFIER = com.pineo.aoc.AOC2022;
				PRODUCT_NAME = "$(TARGET_NAME)";
				SWIFT_EMIT_LOC_STRINGS = YES;
				SWIFT_VERSION = 5.0;
				TARGETED_DEVICE_FAMILY = "1,2";
			};
			name = Debug;
		};
		BFF703CD293859540008618B /* Release */ = {
			isa = XCBuildConfiguration;
			buildSettings = {
				ASSETCATALOG_COMPILER_APPICON_NAME = AppIcon;
				ASSETCATALOG_COMPILER_GLOBAL_ACCENT_COLOR_NAME = AccentColor;
				CODE_SIGN_STYLE = Automatic;
				CURRENT_PROJECT_VERSION = 1;
				DEVELOPMENT_ASSET_PATHS = "\"AOC2022/Preview Content\"";
				DEVELOPMENT_TEAM = WE3Z3S3MCF;
				ENABLE_PREVIEWS = YES;
				GENERATE_INFOPLIST_FILE = YES;
				INFOPLIST_KEY_UIApplicationSceneManifest_Generation = YES;
				INFOPLIST_KEY_UIApplicationSupportsIndirectInputEvents = YES;
				INFOPLIST_KEY_UILaunchScreen_Generation = YES;
				INFOPLIST_KEY_UISupportedInterfaceOrientations_iPad = "UIInterfaceOrientationPortrait UIInterfaceOrientationPortraitUpsideDown UIInterfaceOrientationLandscapeLeft UIInterfaceOrientationLandscapeRight";
				INFOPLIST_KEY_UISupportedInterfaceOrientations_iPhone = "UIInterfaceOrientationPortrait UIInterfaceOrientationLandscapeLeft UIInterfaceOrientationLandscapeRight";
				LD_RUNPATH_SEARCH_PATHS = (
					"$(inherited)",
					"@executable_path/Frameworks",
				);
				MARKETING_VERSION = 1.0;
				PRODUCT_BUNDLE_IDENTIFIER = com.pineo.aoc.AOC2022;
				PRODUCT_NAME = "$(TARGET_NAME)";
				SWIFT_EMIT_LOC_STRINGS = YES;
				SWIFT_VERSION = 5.0;
				TARGETED_DEVICE_FAMILY = "1,2";
			};
			name = Release;
		};
		BFF703CF293859540008618B /* Debug */ = {
			isa = XCBuildConfiguration;
			buildSettings = {
				ALWAYS_EMBED_SWIFT_STANDARD_LIBRARIES = YES;
				BUNDLE_LOADER = "$(TEST_HOST)";
				CODE_SIGN_STYLE = Automatic;
				CURRENT_PROJECT_VERSION = 1;
				DEVELOPMENT_TEAM = WE3Z3S3MCF;
				GENERATE_INFOPLIST_FILE = YES;
				IPHONEOS_DEPLOYMENT_TARGET = 16.1;
				MARKETING_VERSION = 1.0;
				PRODUCT_BUNDLE_IDENTIFIER = com.pineo.aoc.AOC2022Tests;
				PRODUCT_NAME = "$(TARGET_NAME)";
				SUPPORTED_PLATFORMS = "iphoneos iphonesimulator";
				SUPPORTS_MACCATALYST = NO;
				SUPPORTS_MAC_DESIGNED_FOR_IPHONE_IPAD = YES;
				SWIFT_EMIT_LOC_STRINGS = NO;
				SWIFT_VERSION = 5.0;
				TARGETED_DEVICE_FAMILY = "1,2";
				TEST_HOST = "$(BUILT_PRODUCTS_DIR)/AOC2022.app/$(BUNDLE_EXECUTABLE_FOLDER_PATH)/AOC2022";
			};
			name = Debug;
		};
		BFF703D0293859540008618B /* Release */ = {
			isa = XCBuildConfiguration;
			buildSettings = {
				ALWAYS_EMBED_SWIFT_STANDARD_LIBRARIES = YES;
				BUNDLE_LOADER = "$(TEST_HOST)";
				CODE_SIGN_STYLE = Automatic;
				CURRENT_PROJECT_VERSION = 1;
				DEVELOPMENT_TEAM = WE3Z3S3MCF;
				GENERATE_INFOPLIST_FILE = YES;
				IPHONEOS_DEPLOYMENT_TARGET = 16.1;
				MARKETING_VERSION = 1.0;
				PRODUCT_BUNDLE_IDENTIFIER = com.pineo.aoc.AOC2022Tests;
				PRODUCT_NAME = "$(TARGET_NAME)";
				SUPPORTED_PLATFORMS = "iphoneos iphonesimulator";
				SUPPORTS_MACCATALYST = NO;
				SUPPORTS_MAC_DESIGNED_FOR_IPHONE_IPAD = YES;
				SWIFT_EMIT_LOC_STRINGS = NO;
				SWIFT_VERSION = 5.0;
				TARGETED_DEVICE_FAMILY = "1,2";
				TEST_HOST = "$(BUILT_PRODUCTS_DIR)/AOC2022.app/$(BUNDLE_EXECUTABLE_FOLDER_PATH)/AOC2022";
			};
			name = Release;
		};
/* End XCBuildConfiguration section */

/* Begin XCConfigurationList section */
		BFF703A2293859540008618B /* Build configuration list for PBXProject "AOC2022" */ = {
			isa = XCConfigurationList;
			buildConfigurations = (
				BFF703C9293859540008618B /* Debug */,
				BFF703CA293859540008618B /* Release */,
			);
			defaultConfigurationIsVisible = 0;
			defaultConfigurationName = Release;
		};
		BFF703CB293859540008618B /* Build configuration list for PBXNativeTarget "AOC2022" */ = {
			isa = XCConfigurationList;
			buildConfigurations = (
				BFF703CC293859540008618B /* Debug */,
				BFF703CD293859540008618B /* Release */,
			);
			defaultConfigurationIsVisible = 0;
			defaultConfigurationName = Release;
		};
		BFF703CE293859540008618B /* Build configuration list for PBXNativeTarget "AOC2022Tests" */ = {
			isa = XCConfigurationList;
			buildConfigurations = (
				BFF703CF293859540008618B /* Debug */,
				BFF703D0293859540008618B /* Release */,
			);
			defaultConfigurationIsVisible = 0;
			defaultConfigurationName = Release;
		};
/* End XCConfigurationList section */

/* Begin XCRemoteSwiftPackageReference section */
		BFF703D4293859B80008618B /* XCRemoteSwiftPackageReference "swift-algorithms" */ = {
			isa = XCRemoteSwiftPackageReference;
			repositoryURL = "https://github.com/apple/swift-algorithms.git";
			requirement = {
				kind = upToNextMajorVersion;
				minimumVersion = 1.0.0;
			};
		};
		BFF703D729385A3B0008618B /* XCRemoteSwiftPackageReference "AOCLib" */ = {
			isa = XCRemoteSwiftPackageReference;
			repositoryURL = "https://github.com/richardpineo/AOCLib.git";
			requirement = {
				branch = main;
				kind = branch;
			};
		};
/* End XCRemoteSwiftPackageReference section */

/* Begin XCSwiftPackageProductDependency section */
		BFF703D5293859B80008618B /* Algorithms */ = {
			isa = XCSwiftPackageProductDependency;
			package = BFF703D4293859B80008618B /* XCRemoteSwiftPackageReference "swift-algorithms" */;
			productName = Algorithms;
		};
		BFF703D829385A3B0008618B /* AOCLib */ = {
			isa = XCSwiftPackageProductDependency;
			package = BFF703D729385A3B0008618B /* XCRemoteSwiftPackageReference "AOCLib" */;
			productName = AOCLib;
		};
/* End XCSwiftPackageProductDependency section */
	};
	rootObject = BFF7039F293859540008618B /* Project object */;
}
