// !$*UTF8*$!
{
	archiveVersion = 1;
	classes = {
	};
	objectVersion = 56;
	objects = {

/* Begin PBXBuildFile section */
		BFF703AB293859540008618B /* AOC2022App.swift in Sources */ = {isa = PBXBuildFile; fileRef = BFF703AA293859540008618B /* AOC2022App.swift */; };
		BFF703AD293859540008618B /* ContentView.swift in Sources */ = {isa = PBXBuildFile; fileRef = BFF703AC293859540008618B /* ContentView.swift */; };
		BFF703AF293859540008618B /* Assets.xcassets in Resources */ = {isa = PBXBuildFile; fileRef = BFF703AE293859540008618B /* Assets.xcassets */; };
		BFF703B2293859540008618B /* Preview Assets.xcassets in Resources */ = {isa = PBXBuildFile; fileRef = BFF703B1293859540008618B /* Preview Assets.xcassets */; };
		BFF703BC293859540008618B /* AOC2022Tests.swift in Sources */ = {isa = PBXBuildFile; fileRef = BFF703BB293859540008618B /* AOC2022Tests.swift */; };
		BFF703C6293859540008618B /* AOC2022UITests.swift in Sources */ = {isa = PBXBuildFile; fileRef = BFF703C5293859540008618B /* AOC2022UITests.swift */; };
		BFF703C8293859540008618B /* AOC2022UITestsLaunchTests.swift in Sources */ = {isa = PBXBuildFile; fileRef = BFF703C7293859540008618B /* AOC2022UITestsLaunchTests.swift */; };
/* End PBXBuildFile section */

/* Begin PBXContainerItemProxy section */
		BFF703B8293859540008618B /* PBXContainerItemProxy */ = {
			isa = PBXContainerItemProxy;
			containerPortal = BFF7039F293859540008618B /* Project object */;
			proxyType = 1;
			remoteGlobalIDString = BFF703A6293859540008618B;
			remoteInfo = AOC2022;
		};
		BFF703C2293859540008618B /* PBXContainerItemProxy */ = {
			isa = PBXContainerItemProxy;
			containerPortal = BFF7039F293859540008618B /* Project object */;
			proxyType = 1;
			remoteGlobalIDString = BFF703A6293859540008618B;
			remoteInfo = AOC2022;
		};
/* End PBXContainerItemProxy section */

/* Begin PBXFileReference section */
		BFF703A7293859540008618B /* AOC2022.app */ = {isa = PBXFileReference; explicitFileType = wrapper.application; includeInIndex = 0; path = AOC2022.app; sourceTree = BUILT_PRODUCTS_DIR; };
		BFF703AA293859540008618B /* AOC2022App.swift */ = {isa = PBXFileReference; lastKnownFileType = sourcecode.swift; path = AOC2022App.swift; sourceTree = "<group>"; };
		BFF703AC293859540008618B /* ContentView.swift */ = {isa = PBXFileReference; lastKnownFileType = sourcecode.swift; path = ContentView.swift; sourceTree = "<group>"; };
		BFF703AE293859540008618B /* Assets.xcassets */ = {isa = PBXFileReference; lastKnownFileType = folder.assetcatalog; path = Assets.xcassets; sourceTree = "<group>"; };
		BFF703B1293859540008618B /* Preview Assets.xcassets */ = {isa = PBXFileReference; lastKnownFileType = folder.assetcatalog; path = "Preview Assets.xcassets"; sourceTree = "<group>"; };
		BFF703B7293859540008618B /* AOC2022Tests.xctest */ = {isa = PBXFileReference; explicitFileType = wrapper.cfbundle; includeInIndex = 0; path = AOC2022Tests.xctest; sourceTree = BUILT_PRODUCTS_DIR; };
		BFF703BB293859540008618B /* AOC2022Tests.swift */ = {isa = PBXFileReference; lastKnownFileType = sourcecode.swift; path = AOC2022Tests.swift; sourceTree = "<group>"; };
		BFF703C1293859540008618B /* AOC2022UITests.xctest */ = {isa = PBXFileReference; explicitFileType = wrapper.cfbundle; includeInIndex = 0; path = AOC2022UITests.xctest; sourceTree = BUILT_PRODUCTS_DIR; };
		BFF703C5293859540008618B /* AOC2022UITests.swift */ = {isa = PBXFileReference; lastKnownFileType = sourcecode.swift; path = AOC2022UITests.swift; sourceTree = "<group>"; };
		BFF703C7293859540008618B /* AOC2022UITestsLaunchTests.swift */ = {isa = PBXFileReference; lastKnownFileType = sourcecode.swift; path = AOC2022UITestsLaunchTests.swift; sourceTree = "<group>"; };
/* End PBXFileReference section */

/* Begin PBXFrameworksBuildPhase section */
		BFF703A4293859540008618B /* Frameworks */ = {
			isa = PBXFrameworksBuildPhase;
			buildActionMask = 2147483647;
			files = (
			);
			runOnlyForDeploymentPostprocessing = 0;
		};
		BFF703B4293859540008618B /* Frameworks */ = {
			isa = PBXFrameworksBuildPhase;
			buildActionMask = 2147483647;
			files = (
			);
			runOnlyForDeploymentPostprocessing = 0;
		};
		BFF703BE293859540008618B /* Frameworks */ = {
			isa = PBXFrameworksBuildPhase;
			buildActionMask = 2147483647;
			files = (
			);
			runOnlyForDeploymentPostprocessing = 0;
		};
/* End PBXFrameworksBuildPhase section */

/* Begin PBXGroup section */
		BFF7039E293859540008618B = {
			isa = PBXGroup;
			children = (
				BFF703A9293859540008618B /* AOC2022 */,
				BFF703BA293859540008618B /* AOC2022Tests */,
				BFF703C4293859540008618B /* AOC2022UITests */,
				BFF703A8293859540008618B /* Products */,
			);
			sourceTree = "<group>";
		};
		BFF703A8293859540008618B /* Products */ = {
			isa = PBXGroup;
			children = (
				BFF703A7293859540008618B /* AOC2022.app */,
				BFF703B7293859540008618B /* AOC2022Tests.xctest */,
				BFF703C1293859540008618B /* AOC2022UITests.xctest */,
			);
			name = Products;
			sourceTree = "<group>";
		};
		BFF703A9293859540008618B /* AOC2022 */ = {
			isa = PBXGroup;
			children = (
				BFF703AA293859540008618B /* AOC2022App.swift */,
				BFF703AC293859540008618B /* ContentView.swift */,
				BFF703AE293859540008618B /* Assets.xcassets */,
				BFF703B0293859540008618B /* Preview Content */,
			);
			path = AOC2022;
			sourceTree = "<group>";
		};
		BFF703B0293859540008618B /* Preview Content */ = {
			isa = PBXGroup;
			children = (
				BFF703B1293859540008618B /* Preview Assets.xcassets */,
			);
			path = "Preview Content";
			sourceTree = "<group>";
		};
		BFF703BA293859540008618B /* AOC2022Tests */ = {
			isa = PBXGroup;
			children = (
				BFF703BB293859540008618B /* AOC2022Tests.swift */,
			);
			path = AOC2022Tests;
			sourceTree = "<group>";
		};
		BFF703C4293859540008618B /* AOC2022UITests */ = {
			isa = PBXGroup;
			children = (
				BFF703C5293859540008618B /* AOC2022UITests.swift */,
				BFF703C7293859540008618B /* AOC2022UITestsLaunchTests.swift */,
			);
			path = AOC2022UITests;
			sourceTree = "<group>";
		};
/* End PBXGroup section */

/* Begin PBXNativeTarget section */
		BFF703A6293859540008618B /* AOC2022 */ = {
			isa = PBXNativeTarget;
			buildConfigurationList = BFF703CB293859540008618B /* Build configuration list for PBXNativeTarget "AOC2022" */;
			buildPhases = (
				BFF703A3293859540008618B /* Sources */,
				BFF703A4293859540008618B /* Frameworks */,
				BFF703A5293859540008618B /* Resources */,
			);
			buildRules = (
			);
			dependencies = (
			);
			name = AOC2022;
			productName = AOC2022;
			productReference = BFF703A7293859540008618B /* AOC2022.app */;
			productType = "com.apple.product-type.application";
		};
		BFF703B6293859540008618B /* AOC2022Tests */ = {
			isa = PBXNativeTarget;
			buildConfigurationList = BFF703CE293859540008618B /* Build configuration list for PBXNativeTarget "AOC2022Tests" */;
			buildPhases = (
				BFF703B3293859540008618B /* Sources */,
				BFF703B4293859540008618B /* Frameworks */,
				BFF703B5293859540008618B /* Resources */,
			);
			buildRules = (
			);
			dependencies = (
				BFF703B9293859540008618B /* PBXTargetDependency */,
			);
			name = AOC2022Tests;
			productName = AOC2022Tests;
			productReference = BFF703B7293859540008618B /* AOC2022Tests.xctest */;
			productType = "com.apple.product-type.bundle.unit-test";
		};
		BFF703C0293859540008618B /* AOC2022UITests */ = {
			isa = PBXNativeTarget;
			buildConfigurationList = BFF703D1293859540008618B /* Build configuration list for PBXNativeTarget "AOC2022UITests" */;
			buildPhases = (
				BFF703BD293859540008618B /* Sources */,
				BFF703BE293859540008618B /* Frameworks */,
				BFF703BF293859540008618B /* Resources */,
			);
			buildRules = (
			);
			dependencies = (
				BFF703C3293859540008618B /* PBXTargetDependency */,
			);
			name = AOC2022UITests;
			productName = AOC2022UITests;
			productReference = BFF703C1293859540008618B /* AOC2022UITests.xctest */;
			productType = "com.apple.product-type.bundle.ui-testing";
		};
/* End PBXNativeTarget section */

/* Begin PBXProject section */
		BFF7039F293859540008618B /* Project object */ = {
			isa = PBXProject;
			attributes = {
				BuildIndependentTargetsInParallel = 1;
				LastSwiftUpdateCheck = 1410;
				LastUpgradeCheck = 1410;
				TargetAttributes = {
					BFF703A6293859540008618B = {
						CreatedOnToolsVersion = 14.1;
					};
					BFF703B6293859540008618B = {
						CreatedOnToolsVersion = 14.1;
						TestTargetID = BFF703A6293859540008618B;
					};
					BFF703C0293859540008618B = {
						CreatedOnToolsVersion = 14.1;
						TestTargetID = BFF703A6293859540008618B;
					};
				};
			};
			buildConfigurationList = BFF703A2293859540008618B /* Build configuration list for PBXProject "AOC2022" */;
			compatibilityVersion = "Xcode 14.0";
			developmentRegion = en;
			hasScannedForEncodings = 0;
			knownRegions = (
				en,
				Base,
			);
			mainGroup = BFF7039E293859540008618B;
			productRefGroup = BFF703A8293859540008618B /* Products */;
			projectDirPath = "";
			projectRoot = "";
			targets = (
				BFF703A6293859540008618B /* AOC2022 */,
				BFF703B6293859540008618B /* AOC2022Tests */,
				BFF703C0293859540008618B /* AOC2022UITests */,
			);
		};
/* End PBXProject section */

/* Begin PBXResourcesBuildPhase section */
		BFF703A5293859540008618B /* Resources */ = {
			isa = PBXResourcesBuildPhase;
			buildActionMask = 2147483647;
			files = (
				BFF703B2293859540008618B /* Preview Assets.xcassets in Resources */,
				BFF703AF293859540008618B /* Assets.xcassets in Resources */,
			);
			runOnlyForDeploymentPostprocessing = 0;
		};
		BFF703B5293859540008618B /* Resources */ = {
			isa = PBXResourcesBuildPhase;
			buildActionMask = 2147483647;
			files = (
			);
			runOnlyForDeploymentPostprocessing = 0;
		};
		BFF703BF293859540008618B /* Resources */ = {
			isa = PBXResourcesBuildPhase;
			buildActionMask = 2147483647;
			files = (
			);
			runOnlyForDeploymentPostprocessing = 0;
		};
/* End PBXResourcesBuildPhase section */

/* Begin PBXSourcesBuildPhase section */
		BFF703A3293859540008618B /* Sources */ = {
			isa = PBXSourcesBuildPhase;
			buildActionMask = 2147483647;
			files = (
				BFF703AD293859540008618B /* ContentView.swift in Sources */,
				BFF703AB293859540008618B /* AOC2022App.swift in Sources */,
			);
			runOnlyForDeploymentPostprocessing = 0;
		};
		BFF703B3293859540008618B /* Sources */ = {
			isa = PBXSourcesBuildPhase;
			buildActionMask = 2147483647;
			files = (
				BFF703BC293859540008618B /* AOC2022Tests.swift in Sources */,
			);
			runOnlyForDeploymentPostprocessing = 0;
		};
		BFF703BD293859540008618B /* Sources */ = {
			isa = PBXSourcesBuildPhase;
			buildActionMask = 2147483647;
			files = (
				BFF703C8293859540008618B /* AOC2022UITestsLaunchTests.swift in Sources */,
				BFF703C6293859540008618B /* AOC2022UITests.swift in Sources */,
			);
			runOnlyForDeploymentPostprocessing = 0;
		};
/* End PBXSourcesBuildPhase section */

/* Begin PBXTargetDependency section */
		BFF703B9293859540008618B /* PBXTargetDependency */ = {
			isa = PBXTargetDependency;
			target = BFF703A6293859540008618B /* AOC2022 */;
			targetProxy = BFF703B8293859540008618B /* PBXContainerItemProxy */;
		};
		BFF703C3293859540008618B /* PBXTargetDependency */ = {
			isa = PBXTargetDependency;
			target = BFF703A6293859540008618B /* AOC2022 */;
			targetProxy = BFF703C2293859540008618B /* PBXContainerItemProxy */;
		};
/* End PBXTargetDependency section */

/* Begin XCBuildConfiguration section */
		BFF703C9293859540008618B /* Debug */ = {
			isa = XCBuildConfiguration;
			buildSettings = {
				ALWAYS_SEARCH_USER_PATHS = NO;
				CLANG_ANALYZER_NONNULL = YES;
				CLANG_ANALYZER_NUMBER_OBJECT_CONVERSION = YES_AGGRESSIVE;
				CLANG_CXX_LANGUAGE_STANDARD = "gnu++20";
				CLANG_ENABLE_MODULES = YES;
				CLANG_ENABLE_OBJC_ARC = YES;
				CLANG_ENABLE_OBJC_WEAK = YES;
				CLANG_WARN_BLOCK_CAPTURE_AUTORELEASING = YES;
				CLANG_WARN_BOOL_CONVERSION = YES;
				CLANG_WARN_COMMA = YES;
				CLANG_WARN_CONSTANT_CONVERSION = YES;
				CLANG_WARN_DEPRECATED_OBJC_IMPLEMENTATIONS = YES;
				CLANG_WARN_DIRECT_OBJC_ISA_USAGE = YES_ERROR;
				CLANG_WARN_DOCUMENTATION_COMMENTS = YES;
				CLANG_WARN_EMPTY_BODY = YES;
				CLANG_WARN_ENUM_CONVERSION = YES;
				CLANG_WARN_INFINITE_RECURSION = YES;
				CLANG_WARN_INT_CONVERSION = YES;
				CLANG_WARN_NON_LITERAL_NULL_CONVERSION = YES;
				CLANG_WARN_OBJC_IMPLICIT_RETAIN_SELF = YES;
				CLANG_WARN_OBJC_LITERAL_CONVERSION = YES;
				CLANG_WARN_OBJC_ROOT_CLASS = YES_ERROR;
				CLANG_WARN_QUOTED_INCLUDE_IN_FRAMEWORK_HEADER = YES;
				CLANG_WARN_RANGE_LOOP_ANALYSIS = YES;
				CLANG_WARN_STRICT_PROTOTYPES = YES;
				CLANG_WARN_SUSPICIOUS_MOVE = YES;
				CLANG_WARN_UNGUARDED_AVAILABILITY = YES_AGGRESSIVE;
				CLANG_WARN_UNREACHABLE_CODE = YES;
				CLANG_WARN__DUPLICATE_METHOD_MATCH = YES;
				COPY_PHASE_STRIP = NO;
				DEBUG_INFORMATION_FORMAT = dwarf;
				ENABLE_STRICT_OBJC_MSGSEND = YES;
				ENABLE_TESTABILITY = YES;
				GCC_C_LANGUAGE_STANDARD = gnu11;
				GCC_DYNAMIC_NO_PIC = NO;
				GCC_NO_COMMON_BLOCKS = YES;
				GCC_OPTIMIZATION_LEVEL = 0;
				GCC_PREPROCESSOR_DEFINITIONS = (
					"DEBUG=1",
					"$(inherited)",
				);
				GCC_WARN_64_TO_32_BIT_CONVERSION = YES;
				GCC_WARN_ABOUT_RETURN_TYPE = YES_ERROR;
				GCC_WARN_UNDECLARED_SELECTOR = YES;
				GCC_WARN_UNINITIALIZED_AUTOS = YES_AGGRESSIVE;
				GCC_WARN_UNUSED_FUNCTION = YES;
				GCC_WARN_UNUSED_VARIABLE = YES;
				IPHONEOS_DEPLOYMENT_TARGET = 16.1;
				MTL_ENABLE_DEBUG_INFO = INCLUDE_SOURCE;
				MTL_FAST_MATH = YES;
				ONLY_ACTIVE_ARCH = YES;
				SDKROOT = iphoneos;
				SWIFT_ACTIVE_COMPILATION_CONDITIONS = DEBUG;
				SWIFT_OPTIMIZATION_LEVEL = "-Onone";
			};
			name = Debug;
		};
		BFF703CA293859540008618B /* Release */ = {
			isa = XCBuildConfiguration;
			buildSettings = {
				ALWAYS_SEARCH_USER_PATHS = NO;
				CLANG_ANALYZER_NONNULL = YES;
				CLANG_ANALYZER_NUMBER_OBJECT_CONVERSION = YES_AGGRESSIVE;
				CLANG_CXX_LANGUAGE_STANDARD = "gnu++20";
				CLANG_ENABLE_MODULES = YES;
				CLANG_ENABLE_OBJC_ARC = YES;
				CLANG_ENABLE_OBJC_WEAK = YES;
				CLANG_WARN_BLOCK_CAPTURE_AUTORELEASING = YES;
				CLANG_WARN_BOOL_CONVERSION = YES;
				CLANG_WARN_COMMA = YES;
				CLANG_WARN_CONSTANT_CONVERSION = YES;
				CLANG_WARN_DEPRECATED_OBJC_IMPLEMENTATIONS = YES;
				CLANG_WARN_DIRECT_OBJC_ISA_USAGE = YES_ERROR;
				CLANG_WARN_DOCUMENTATION_COMMENTS = YES;
				CLANG_WARN_EMPTY_BODY = YES;
				CLANG_WARN_ENUM_CONVERSION = YES;
				CLANG_WARN_INFINITE_RECURSION = YES;
				CLANG_WARN_INT_CONVERSION = YES;
				CLANG_WARN_NON_LITERAL_NULL_CONVERSION = YES;
				CLANG_WARN_OBJC_IMPLICIT_RETAIN_SELF = YES;
				CLANG_WARN_OBJC_LITERAL_CONVERSION = YES;
				CLANG_WARN_OBJC_ROOT_CLASS = YES_ERROR;
				CLANG_WARN_QUOTED_INCLUDE_IN_FRAMEWORK_HEADER = YES;
				CLANG_WARN_RANGE_LOOP_ANALYSIS = YES;
				CLANG_WARN_STRICT_PROTOTYPES = YES;
				CLANG_WARN_SUSPICIOUS_MOVE = YES;
				CLANG_WARN_UNGUARDED_AVAILABILITY = YES_AGGRESSIVE;
				CLANG_WARN_UNREACHABLE_CODE = YES;
				CLANG_WARN__DUPLICATE_METHOD_MATCH = YES;
				COPY_PHASE_STRIP = NO;
				DEBUG_INFORMATION_FORMAT = "dwarf-with-dsym";
				ENABLE_NS_ASSERTIONS = NO;
				ENABLE_STRICT_OBJC_MSGSEND = YES;
				GCC_C_LANGUAGE_STANDARD = gnu11;
				GCC_NO_COMMON_BLOCKS = YES;
				GCC_WARN_64_TO_32_BIT_CONVERSION = YES;
				GCC_WARN_ABOUT_RETURN_TYPE = YES_ERROR;
				GCC_WARN_UNDECLARED_SELECTOR = YES;
				GCC_WARN_UNINITIALIZED_AUTOS = YES_AGGRESSIVE;
				GCC_WARN_UNUSED_FUNCTION = YES;
				GCC_WARN_UNUSED_VARIABLE = YES;
				IPHONEOS_DEPLOYMENT_TARGET = 16.1;
				MTL_ENABLE_DEBUG_INFO = NO;
				MTL_FAST_MATH = YES;
				SDKROOT = iphoneos;
				SWIFT_COMPILATION_MODE = wholemodule;
				SWIFT_OPTIMIZATION_LEVEL = "-O";
				VALIDATE_PRODUCT = YES;
			};
			name = Release;
		};
		BFF703CC293859540008618B /* Debug */ = {
			isa = XCBuildConfiguration;
			buildSettings = {
				ASSETCATALOG_COMPILER_APPICON_NAME = AppIcon;
				ASSETCATALOG_COMPILER_GLOBAL_ACCENT_COLOR_NAME = AccentColor;
				CODE_SIGN_STYLE = Automatic;
				CURRENT_PROJECT_VERSION = 1;
				DEVELOPMENT_ASSET_PATHS = "\"AOC2022/Preview Content\"";
				DEVELOPMENT_TEAM = WE3Z3S3MCF;
				ENABLE_PREVIEWS = YES;
				GENERATE_INFOPLIST_FILE = YES;
				INFOPLIST_KEY_UIApplicationSceneManifest_Generation = YES;
				INFOPLIST_KEY_UIApplicationSupportsIndirectInputEvents = YES;
				INFOPLIST_KEY_UILaunchScreen_Generation = YES;
				INFOPLIST_KEY_UISupportedInterfaceOrientations_iPad = "UIInterfaceOrientationPortrait UIInterfaceOrientationPortraitUpsideDown UIInterfaceOrientationLandscapeLeft UIInterfaceOrientationLandscapeRight";
				INFOPLIST_KEY_UISupportedInterfaceOrientations_iPhone = "UIInterfaceOrientationPortrait UIInterfaceOrientationLandscapeLeft UIInterfaceOrientationLandscapeRight";
				LD_RUNPATH_SEARCH_PATHS = (
					"$(inherited)",
					"@executable_path/Frameworks",
				);
				MARKETING_VERSION = 1.0;
				PRODUCT_BUNDLE_IDENTIFIER = com.pineo.aoc.AOC2022;
				PRODUCT_NAME = "$(TARGET_NAME)";
				SWIFT_EMIT_LOC_STRINGS = YES;
				SWIFT_VERSION = 5.0;
				TARGETED_DEVICE_FAMILY = "1,2";
			};
			name = Debug;
		};
		BFF703CD293859540008618B /* Release */ = {
			isa = XCBuildConfiguration;
			buildSettings = {
				ASSETCATALOG_COMPILER_APPICON_NAME = AppIcon;
				ASSETCATALOG_COMPILER_GLOBAL_ACCENT_COLOR_NAME = AccentColor;
				CODE_SIGN_STYLE = Automatic;
				CURRENT_PROJECT_VERSION = 1;
				DEVELOPMENT_ASSET_PATHS = "\"AOC2022/Preview Content\"";
				DEVELOPMENT_TEAM = WE3Z3S3MCF;
				ENABLE_PREVIEWS = YES;
				GENERATE_INFOPLIST_FILE = YES;
				INFOPLIST_KEY_UIApplicationSceneManifest_Generation = YES;
				INFOPLIST_KEY_UIApplicationSupportsIndirectInputEvents = YES;
				INFOPLIST_KEY_UILaunchScreen_Generation = YES;
				INFOPLIST_KEY_UISupportedInterfaceOrientations_iPad = "UIInterfaceOrientationPortrait UIInterfaceOrientationPortraitUpsideDown UIInterfaceOrientationLandscapeLeft UIInterfaceOrientationLandscapeRight";
				INFOPLIST_KEY_UISupportedInterfaceOrientations_iPhone = "UIInterfaceOrientationPortrait UIInterfaceOrientationLandscapeLeft UIInterfaceOrientationLandscapeRight";
				LD_RUNPATH_SEARCH_PATHS = (
					"$(inherited)",
					"@executable_path/Frameworks",
				);
				MARKETING_VERSION = 1.0;
				PRODUCT_BUNDLE_IDENTIFIER = com.pineo.aoc.AOC2022;
				PRODUCT_NAME = "$(TARGET_NAME)";
				SWIFT_EMIT_LOC_STRINGS = YES;
				SWIFT_VERSION = 5.0;
				TARGETED_DEVICE_FAMILY = "1,2";
			};
			name = Release;
		};
		BFF703CF293859540008618B /* Debug */ = {
			isa = XCBuildConfiguration;
			buildSettings = {
				ALWAYS_EMBED_SWIFT_STANDARD_LIBRARIES = YES;
				BUNDLE_LOADER = "$(TEST_HOST)";
				CODE_SIGN_STYLE = Automatic;
				CURRENT_PROJECT_VERSION = 1;
				DEVELOPMENT_TEAM = WE3Z3S3MCF;
				GENERATE_INFOPLIST_FILE = YES;
				IPHONEOS_DEPLOYMENT_TARGET = 16.1;
				MARKETING_VERSION = 1.0;
				PRODUCT_BUNDLE_IDENTIFIER = com.pineo.aoc.AOC2022Tests;
				PRODUCT_NAME = "$(TARGET_NAME)";
				SWIFT_EMIT_LOC_STRINGS = NO;
				SWIFT_VERSION = 5.0;
				TARGETED_DEVICE_FAMILY = "1,2";
				TEST_HOST = "$(BUILT_PRODUCTS_DIR)/AOC2022.app/$(BUNDLE_EXECUTABLE_FOLDER_PATH)/AOC2022";
			};
			name = Debug;
		};
		BFF703D0293859540008618B /* Release */ = {
			isa = XCBuildConfiguration;
			buildSettings = {
				ALWAYS_EMBED_SWIFT_STANDARD_LIBRARIES = YES;
				BUNDLE_LOADER = "$(TEST_HOST)";
				CODE_SIGN_STYLE = Automatic;
				CURRENT_PROJECT_VERSION = 1;
				DEVELOPMENT_TEAM = WE3Z3S3MCF;
				GENERATE_INFOPLIST_FILE = YES;
				IPHONEOS_DEPLOYMENT_TARGET = 16.1;
				MARKETING_VERSION = 1.0;
				PRODUCT_BUNDLE_IDENTIFIER = com.pineo.aoc.AOC2022Tests;
				PRODUCT_NAME = "$(TARGET_NAME)";
				SWIFT_EMIT_LOC_STRINGS = NO;
				SWIFT_VERSION = 5.0;
				TARGETED_DEVICE_FAMILY = "1,2";
				TEST_HOST = "$(BUILT_PRODUCTS_DIR)/AOC2022.app/$(BUNDLE_EXECUTABLE_FOLDER_PATH)/AOC2022";
			};
			name = Release;
		};
		BFF703D2293859540008618B /* Debug */ = {
			isa = XCBuildConfiguration;
			buildSettings = {
				ALWAYS_EMBED_SWIFT_STANDARD_LIBRARIES = YES;
				CODE_SIGN_STYLE = Automatic;
				CURRENT_PROJECT_VERSION = 1;
				DEVELOPMENT_TEAM = WE3Z3S3MCF;
				GENERATE_INFOPLIST_FILE = YES;
				MARKETING_VERSION = 1.0;
				PRODUCT_BUNDLE_IDENTIFIER = com.pineo.aoc.AOC2022UITests;
				PRODUCT_NAME = "$(TARGET_NAME)";
				SWIFT_EMIT_LOC_STRINGS = NO;
				SWIFT_VERSION = 5.0;
				TARGETED_DEVICE_FAMILY = "1,2";
				TEST_TARGET_NAME = AOC2022;
			};
			name = Debug;
		};
		BFF703D3293859540008618B /* Release */ = {
			isa = XCBuildConfiguration;
			buildSettings = {
				ALWAYS_EMBED_SWIFT_STANDARD_LIBRARIES = YES;
				CODE_SIGN_STYLE = Automatic;
				CURRENT_PROJECT_VERSION = 1;
				DEVELOPMENT_TEAM = WE3Z3S3MCF;
				GENERATE_INFOPLIST_FILE = YES;
				MARKETING_VERSION = 1.0;
				PRODUCT_BUNDLE_IDENTIFIER = com.pineo.aoc.AOC2022UITests;
				PRODUCT_NAME = "$(TARGET_NAME)";
				SWIFT_EMIT_LOC_STRINGS = NO;
				SWIFT_VERSION = 5.0;
				TARGETED_DEVICE_FAMILY = "1,2";
				TEST_TARGET_NAME = AOC2022;
			};
			name = Release;
		};
/* End XCBuildConfiguration section */

/* Begin XCConfigurationList section */
		BFF703A2293859540008618B /* Build configuration list for PBXProject "AOC2022" */ = {
			isa = XCConfigurationList;
			buildConfigurations = (
				BFF703C9293859540008618B /* Debug */,
				BFF703CA293859540008618B /* Release */,
			);
			defaultConfigurationIsVisible = 0;
			defaultConfigurationName = Release;
		};
		BFF703CB293859540008618B /* Build configuration list for PBXNativeTarget "AOC2022" */ = {
			isa = XCConfigurationList;
			buildConfigurations = (
				BFF703CC293859540008618B /* Debug */,
				BFF703CD293859540008618B /* Release */,
			);
			defaultConfigurationIsVisible = 0;
			defaultConfigurationName = Release;
		};
		BFF703CE293859540008618B /* Build configuration list for PBXNativeTarget "AOC2022Tests" */ = {
			isa = XCConfigurationList;
			buildConfigurations = (
				BFF703CF293859540008618B /* Debug */,
				BFF703D0293859540008618B /* Release */,
			);
			defaultConfigurationIsVisible = 0;
			defaultConfigurationName = Release;
		};
		BFF703D1293859540008618B /* Build configuration list for PBXNativeTarget "AOC2022UITests" */ = {
			isa = XCConfigurationList;
			buildConfigurations = (
				BFF703D2293859540008618B /* Debug */,
				BFF703D3293859540008618B /* Release */,
			);
			defaultConfigurationIsVisible = 0;
			defaultConfigurationName = Release;
		};
/* End XCConfigurationList section */
	};
	rootObject = BFF7039F293859540008618B /* Project object */;
}
